
Microsoft Visual Studio Solution File, Format Version 12.00
# Visual Studio Version 17
VisualStudioVersion = 17.10.34928.147
MinimumVisualStudioVersion = 10.0.40219.1
Project("{FAE04EC0-301F-11D3-BF4B-00C04F79EFBC}") = "VehicleRentalSystem", "VehicleRentalSystem.csproj", "{373FF9A0-D659-4005-87DB-B07960AD1CCE}"
EndProject
Global
	GlobalSection(SolutionConfigurationPlatforms) = preSolution
		Debug|Any CPU = Debug|Any CPU
		Release|Any CPU = Release|Any CPU
	EndGlobalSection
	GlobalSection(ProjectConfigurationPlatforms) = postSolution
		{373FF9A0-D659-4005-87DB-B07960AD1CCE}.Debug|Any CPU.ActiveCfg = Debug|Any CPU
		{373FF9A0-D659-4005-87DB-B07960AD1CCE}.Debug|Any CPU.Build.0 = Debug|Any CPU
		{373FF9A0-D659-4005-87DB-B07960AD1CCE}.Release|Any CPU.ActiveCfg = Release|Any CPU
		{373FF9A0-D659-4005-87DB-B07960AD1CCE}.Release|Any CPU.Build.0 = Release|Any CPU
	EndGlobalSection
	GlobalSection(SolutionProperties) = preSolution
		HideSolutionNode = FALSE
	EndGlobalSection
	GlobalSection(ExtensibilityGlobals) = postSolution
		SolutionGuid = {5E970DBE-53CE-4CA7-A31C-9E5FF69EA5FB}
	EndGlobalSection
EndGlobal
